
Microsoft Visual Studio Solution File, Format Version 12.00
# Visual Studio Version 17
VisualStudioVersion = 17.0.31903.59
MinimumVisualStudioVersion = 10.0.40219.1
Project("{2150E333-8FDC-42A3-9474-1A3956D46DE8}") = "src", "src", "{580ABD55-E964-44C5-8D32-9517BCE1214B}"
EndProject
Project("{2150E333-8FDC-42A3-9474-1A3956D46DE8}") = "Core", "Core", "{40842B4E-6715-45E4-8FD7-5C8C817D3A5E}"
EndProject
Project("{FAE04EC0-301F-11D3-BF4B-00C04F79EFBC}") = "MauiCleanApp.Domain", "src\Core\MauiCleanApp.Domain\MauiCleanApp.Domain.csproj", "{9D5706A6-1458-45B7-8666-3D7A50215792}"
EndProject
Project("{FAE04EC0-301F-11D3-BF4B-00C04F79EFBC}") = "MauiCleanApp.Application", "src\Core\MauiCleanApp.Application\MauiCleanApp.Application.csproj", "{85536A5E-A923-46E0-9977-B4DA384DE55B}"
EndProject
Project("{2150E333-8FDC-42A3-9474-1A3956D46DE8}") = "Infrastructure", "Infrastructure", "{CB6C5169-848D-454E-96CA-C09ACF0A0DA1}"
EndProject
Project("{FAE04EC0-301F-11D3-BF4B-00C04F79EFBC}") = "MauiCleanApp.Infrastructure", "src\Infrastructure\MauiCleanApp.Infrastructure\MauiCleanApp.Infrastructure.csproj", "{696B5806-8CF5-42AE-A5C1-A6B412BA2183}"
EndProject
Project("{FAE04EC0-301F-11D3-BF4B-00C04F79EFBC}") = "MauiCleanApp.Identity", "src\Infrastructure\MauiCleanApp.Identity\MauiCleanApp.Identity.csproj", "{A649A5CE-B2EF-4332-8E8E-69C052D2DB09}"
EndProject
Project("{2150E333-8FDC-42A3-9474-1A3956D46DE8}") = "Presentation", "Presentation", "{C5913E6A-CAE7-466B-A822-A735DDA9FBF7}"
EndProject
Project("{FAE04EC0-301F-11D3-BF4B-00C04F79EFBC}") = "MauiCleanApp.API", "src\Presentation\MauiCleanApp.API\MauiCleanApp.API.csproj", "{D2E866D8-4C3C-43D6-9E11-97A595C19F44}"
EndProject
Project("{FAE04EC0-301F-11D3-BF4B-00C04F79EFBC}") = "MauiCleanApp.Client", "src\Presentation\MauiCleanApp.Client\MauiCleanApp.Client.csproj", "{B0744680-E85D-48F6-880F-2D7A5F771B07}"
EndProject
Project("{2150E333-8FDC-42A3-9474-1A3956D46DE8}") = "Tests", "Tests", "{C0BEFD55-8E9D-491D-BAEC-BED429981CF8}"
EndProject
Project("{FAE04EC0-301F-11D3-BF4B-00C04F79EFBC}") = "MauiCleanApp.Application.Tests", "src\Tests\MauiCleanApp.Application.Tests\MauiCleanApp.Application.Tests.csproj", "{FD922085-E4A4-4BE7-9386-9A861F9BFC50}"
EndProject
Project("{FAE04EC0-301F-11D3-BF4B-00C04F79EFBC}") = "MauiCleanApp.Infrastructure.Tests", "src\Tests\MauiCleanApp.Infrastructure.Tests\MauiCleanApp.Infrastructure.Tests.csproj", "{C13DCE4C-EF25-4361-BBE5-7A3B532260C5}"
EndProject
Global
	GlobalSection(SolutionConfigurationPlatforms) = preSolution
		Debug|Any CPU = Debug|Any CPU
		Release|Any CPU = Release|Any CPU
	EndGlobalSection
	GlobalSection(SolutionProperties) = preSolution
		HideSolutionNode = FALSE
	EndGlobalSection
	GlobalSection(ProjectConfigurationPlatforms) = postSolution
		{9D5706A6-1458-45B7-8666-3D7A50215792}.Debug|Any CPU.ActiveCfg = Debug|Any CPU
		{9D5706A6-1458-45B7-8666-3D7A50215792}.Debug|Any CPU.Build.0 = Debug|Any CPU
		{9D5706A6-1458-45B7-8666-3D7A50215792}.Release|Any CPU.ActiveCfg = Release|Any CPU
		{9D5706A6-1458-45B7-8666-3D7A50215792}.Release|Any CPU.Build.0 = Release|Any CPU
		{85536A5E-A923-46E0-9977-B4DA384DE55B}.Debug|Any CPU.ActiveCfg = Debug|Any CPU
		{85536A5E-A923-46E0-9977-B4DA384DE55B}.Debug|Any CPU.Build.0 = Debug|Any CPU
		{85536A5E-A923-46E0-9977-B4DA384DE55B}.Release|Any CPU.ActiveCfg = Release|Any CPU
		{85536A5E-A923-46E0-9977-B4DA384DE55B}.Release|Any CPU.Build.0 = Release|Any CPU
		{696B5806-8CF5-42AE-A5C1-A6B412BA2183}.Debug|Any CPU.ActiveCfg = Debug|Any CPU
		{696B5806-8CF5-42AE-A5C1-A6B412BA2183}.Debug|Any CPU.Build.0 = Debug|Any CPU
		{696B5806-8CF5-42AE-A5C1-A6B412BA2183}.Release|Any CPU.ActiveCfg = Release|Any CPU
		{696B5806-8CF5-42AE-A5C1-A6B412BA2183}.Release|Any CPU.Build.0 = Release|Any CPU
		{A649A5CE-B2EF-4332-8E8E-69C052D2DB09}.Debug|Any CPU.ActiveCfg = Debug|Any CPU
		{A649A5CE-B2EF-4332-8E8E-69C052D2DB09}.Debug|Any CPU.Build.0 = Debug|Any CPU
		{A649A5CE-B2EF-4332-8E8E-69C052D2DB09}.Release|Any CPU.ActiveCfg = Release|Any CPU
		{A649A5CE-B2EF-4332-8E8E-69C052D2DB09}.Release|Any CPU.Build.0 = Release|Any CPU
		{D2E866D8-4C3C-43D6-9E11-97A595C19F44}.Debug|Any CPU.ActiveCfg = Debug|Any CPU
		{D2E866D8-4C3C-43D6-9E11-97A595C19F44}.Debug|Any CPU.Build.0 = Debug|Any CPU
		{D2E866D8-4C3C-43D6-9E11-97A595C19F44}.Release|Any CPU.ActiveCfg = Release|Any CPU
		{D2E866D8-4C3C-43D6-9E11-97A595C19F44}.Release|Any CPU.Build.0 = Release|Any CPU
		{B0744680-E85D-48F6-880F-2D7A5F771B07}.Debug|Any CPU.ActiveCfg = Debug|Any CPU
		{B0744680-E85D-48F6-880F-2D7A5F771B07}.Debug|Any CPU.Build.0 = Debug|Any CPU
		{B0744680-E85D-48F6-880F-2D7A5F771B07}.Release|Any CPU.ActiveCfg = Release|Any CPU
		{B0744680-E85D-48F6-880F-2D7A5F771B07}.Release|Any CPU.Build.0 = Release|Any CPU
		{FD922085-E4A4-4BE7-9386-9A861F9BFC50}.Debug|Any CPU.ActiveCfg = Debug|Any CPU
		{FD922085-E4A4-4BE7-9386-9A861F9BFC50}.Debug|Any CPU.Build.0 = Debug|Any CPU
		{FD922085-E4A4-4BE7-9386-9A861F9BFC50}.Release|Any CPU.ActiveCfg = Release|Any CPU
		{FD922085-E4A4-4BE7-9386-9A861F9BFC50}.Release|Any CPU.Build.0 = Release|Any CPU
		{C13DCE4C-EF25-4361-BBE5-7A3B532260C5}.Debug|Any CPU.ActiveCfg = Debug|Any CPU
		{C13DCE4C-EF25-4361-BBE5-7A3B532260C5}.Debug|Any CPU.Build.0 = Debug|Any CPU
		{C13DCE4C-EF25-4361-BBE5-7A3B532260C5}.Release|Any CPU.ActiveCfg = Release|Any CPU
		{C13DCE4C-EF25-4361-BBE5-7A3B532260C5}.Release|Any CPU.Build.0 = Release|Any CPU
	EndGlobalSection
	GlobalSection(NestedProjects) = preSolution
		{40842B4E-6715-45E4-8FD7-5C8C817D3A5E} = {580ABD55-E964-44C5-8D32-9517BCE1214B}
		{9D5706A6-1458-45B7-8666-3D7A50215792} = {40842B4E-6715-45E4-8FD7-5C8C817D3A5E}
		{85536A5E-A923-46E0-9977-B4DA384DE55B} = {40842B4E-6715-45E4-8FD7-5C8C817D3A5E}
		{CB6C5169-848D-454E-96CA-C09ACF0A0DA1} = {580ABD55-E964-44C5-8D32-9517BCE1214B}
		{696B5806-8CF5-42AE-A5C1-A6B412BA2183} = {CB6C5169-848D-454E-96CA-C09ACF0A0DA1}
		{A649A5CE-B2EF-4332-8E8E-69C052D2DB09} = {CB6C5169-848D-454E-96CA-C09ACF0A0DA1}
		{C5913E6A-CAE7-466B-A822-A735DDA9FBF7} = {580ABD55-E964-44C5-8D32-9517BCE1214B}
		{D2E866D8-4C3C-43D6-9E11-97A595C19F44} = {C5913E6A-CAE7-466B-A822-A735DDA9FBF7}
		{B0744680-E85D-48F6-880F-2D7A5F771B07} = {C5913E6A-CAE7-466B-A822-A735DDA9FBF7}
		{C0BEFD55-8E9D-491D-BAEC-BED429981CF8} = {580ABD55-E964-44C5-8D32-9517BCE1214B}
		{FD922085-E4A4-4BE7-9386-9A861F9BFC50} = {C0BEFD55-8E9D-491D-BAEC-BED429981CF8}
		{C13DCE4C-EF25-4361-BBE5-7A3B532260C5} = {C0BEFD55-8E9D-491D-BAEC-BED429981CF8}
	EndGlobalSection
EndGlobal
